<?xml version="1.0" encoding="utf-8"?>
<Project ToolsVersion="4.0" xmlns="http://schemas.microsoft.com/developer/msbuild/2003">
  <ItemGroup>
    <Filter Include="源文件">
      <UniqueIdentifier>{4FC737F1-C7A5-4376-A066-2A32D752A2FF}</UniqueIdentifier>
      <Extensions>cpp;c;cc;cxx;def;odl;idl;hpj;bat;asm;asmx</Extensions>
    </Filter>
    <Filter Include="头文件">
      <UniqueIdentifier>{93995380-89BD-4b04-88EB-625FBE52EBFB}</UniqueIdentifier>
      <Extensions>h;hh;hpp;hxx;hm;inl;inc;ipp;xsd</Extensions>
    </Filter>
    <Filter Include="源文件\core">
      <UniqueIdentifier>{e161ceed-d66d-473a-bf1f-6632a8b0ad0a}</UniqueIdentifier>
    </Filter>
  </ItemGroup>
  <ItemGroup>
    <ClCompile Include="main.c">
      <Filter>源文件</Filter>
    </ClCompile>
    <ClCompile Include="core\win32.c">
      <Filter>源文件\core</Filter>
    </ClCompile>
    <ClCompile Include="core\texture.c">
      <Filter>源文件\core</Filter>
    </ClCompile>
    <ClCompile Include="core\private.c">
      <Filter>源文件\core</Filter>
    </ClCompile>
    <ClCompile Include="core\maths.c">
      <Filter>源文件\core</Filter>
    </ClCompile>
    <ClCompile Include="core\image.c">
      <Filter>源文件\core</Filter>
    </ClCompile>
    <ClCompile Include="core\graphics.c">
      <Filter>源文件\core</Filter>
    </ClCompile>
    <ClCompile Include="model.c">
      <Filter>源文件</Filter>
    </ClCompile>
    <ClCompile Include="core\darray.c">
      <Filter>源文件\core</Filter>
    </ClCompile>
    <ClCompile Include="core\camera.c">
      <Filter>源文件</Filter>
    </ClCompile>
  </ItemGroup>
  <ItemGroup>
    <ClInclude Include="model.h">
      <Filter>源文件</Filter>
    </ClInclude>
    <ClInclude Include="core\texture.h">
      <Filter>源文件\core</Filter>
    </ClInclude>
    <ClInclude Include="core\private.h">
      <Filter>源文件\core</Filter>
    </ClInclude>
    <ClInclude Include="core\platform.h">
      <Filter>源文件\core</Filter>
    </ClInclude>
    <ClInclude Include="core\maths.h">
      <Filter>源文件\core</Filter>
    </ClInclude>
    <ClInclude Include="core\macro.h">
      <Filter>源文件\core</Filter>
    </ClInclude>
    <ClInclude Include="core\image.h">
      <Filter>源文件\core</Filter>
    </ClInclude>
    <ClInclude Include="core\graphics.h">
      <Filter>源文件\core</Filter>
    </ClInclude>
    <ClInclude Include="core\darray.h">
      <Filter>源文件\core</Filter>
    </ClInclude>
    <ClInclude Include="core\camera.h">
      <Filter>头文件</Filter>
    </ClInclude>
  </ItemGroup>
</Project>